
Microsoft Visual Studio Solution File, Format Version 12.00
# Visual Studio 2012
Project("{FAE04EC0-301F-11D3-BF4B-00C04F79EFBC}") = "BookCSharpDb", "BookCSharpDb\BookCSharpDb.csproj", "{DF80F7A5-D459-484E-93F7-FBCF669777D0}"
EndProject
Global
	GlobalSection(SolutionConfigurationPlatforms) = preSolution
		Debug|Any CPU = Debug|Any CPU
		Release|Any CPU = Release|Any CPU
	EndGlobalSection
	GlobalSection(ProjectConfigurationPlatforms) = postSolution
		{DF80F7A5-D459-484E-93F7-FBCF669777D0}.Debug|Any CPU.ActiveCfg = Debug|Any CPU
		{DF80F7A5-D459-484E-93F7-FBCF669777D0}.Debug|Any CPU.Build.0 = Debug|Any CPU
		{DF80F7A5-D459-484E-93F7-FBCF669777D0}.Release|Any CPU.ActiveCfg = Release|Any CPU
		{DF80F7A5-D459-484E-93F7-FBCF669777D0}.Release|Any CPU.Build.0 = Release|Any CPU
	EndGlobalSection
	GlobalSection(SolutionProperties) = preSolution
		HideSolutionNode = FALSE
	EndGlobalSection
EndGlobal
